
Microsoft Visual Studio Solution File, Format Version 12.00
# Visual Studio Version 16
VisualStudioVersion = 16.0.32802.440
MinimumVisualStudioVersion = 10.0.40219.1
Project("{FAE04EC0-301F-11D3-BF4B-00C04F79EFBC}") = "UwpLauncher", "UwpLauncher\UwpLauncher.csproj", "{E004DD46-3B1B-41E2-A5A1-2A540B7C6251}"
EndProject
Project("{FAE04EC0-301F-11D3-BF4B-00C04F79EFBC}") = "UwpGame", "UwpGame\UwpGame.csproj", "{EF5134C9-CF82-44A6-85CA-B1C2030F4296}"
EndProject
Project("{C7167F0D-BC9F-4E6E-AFE1-012C56B48DB5}") = "WapStoreApp", "WapStoreApp\WapStoreApp.wapproj", "{2CFB9DEB-3000-40A7-9134-55B75934F0A2}"
EndProject
Project("{8BC9CEB8-8B4A-11D0-8D11-00A0C91BC942}") = "CppGame", "CppGame\CppGame.vcxproj", "{B247CF88-BF61-4B3B-BF4A-1D5AB7849DAB}"
EndProject
Global
	GlobalSection(SolutionConfigurationPlatforms) = preSolution
		Debug|Any CPU = Debug|Any CPU
		Debug|ARM = Debug|ARM
		Debug|ARM64 = Debug|ARM64
		Debug|x64 = Debug|x64
		Debug|x86 = Debug|x86
		Release|Any CPU = Release|Any CPU
		Release|ARM = Release|ARM
		Release|ARM64 = Release|ARM64
		Release|x64 = Release|x64
		Release|x86 = Release|x86
	EndGlobalSection
	GlobalSection(ProjectConfigurationPlatforms) = postSolution
		{E004DD46-3B1B-41E2-A5A1-2A540B7C6251}.Debug|Any CPU.ActiveCfg = Debug|x64
		{E004DD46-3B1B-41E2-A5A1-2A540B7C6251}.Debug|Any CPU.Build.0 = Debug|x64
		{E004DD46-3B1B-41E2-A5A1-2A540B7C6251}.Debug|Any CPU.Deploy.0 = Debug|x64
		{E004DD46-3B1B-41E2-A5A1-2A540B7C6251}.Debug|ARM.ActiveCfg = Debug|ARM
		{E004DD46-3B1B-41E2-A5A1-2A540B7C6251}.Debug|ARM.Build.0 = Debug|ARM
		{E004DD46-3B1B-41E2-A5A1-2A540B7C6251}.Debug|ARM.Deploy.0 = Debug|ARM
		{E004DD46-3B1B-41E2-A5A1-2A540B7C6251}.Debug|ARM64.ActiveCfg = Debug|ARM64
		{E004DD46-3B1B-41E2-A5A1-2A540B7C6251}.Debug|ARM64.Build.0 = Debug|ARM64
		{E004DD46-3B1B-41E2-A5A1-2A540B7C6251}.Debug|ARM64.Deploy.0 = Debug|ARM64
		{E004DD46-3B1B-41E2-A5A1-2A540B7C6251}.Debug|x64.ActiveCfg = Debug|x64
		{E004DD46-3B1B-41E2-A5A1-2A540B7C6251}.Debug|x64.Build.0 = Debug|x64
		{E004DD46-3B1B-41E2-A5A1-2A540B7C6251}.Debug|x64.Deploy.0 = Debug|x64
		{E004DD46-3B1B-41E2-A5A1-2A540B7C6251}.Debug|x86.ActiveCfg = Debug|x86
		{E004DD46-3B1B-41E2-A5A1-2A540B7C6251}.Debug|x86.Build.0 = Debug|x86
		{E004DD46-3B1B-41E2-A5A1-2A540B7C6251}.Debug|x86.Deploy.0 = Debug|x86
		{E004DD46-3B1B-41E2-A5A1-2A540B7C6251}.Release|Any CPU.ActiveCfg = Release|x64
		{E004DD46-3B1B-41E2-A5A1-2A540B7C6251}.Release|Any CPU.Build.0 = Release|x64
		{E004DD46-3B1B-41E2-A5A1-2A540B7C6251}.Release|Any CPU.Deploy.0 = Release|x64
		{E004DD46-3B1B-41E2-A5A1-2A540B7C6251}.Release|ARM.ActiveCfg = Release|ARM
		{E004DD46-3B1B-41E2-A5A1-2A540B7C6251}.Release|ARM.Build.0 = Release|ARM
		{E004DD46-3B1B-41E2-A5A1-2A540B7C6251}.Release|ARM.Deploy.0 = Release|ARM
		{E004DD46-3B1B-41E2-A5A1-2A540B7C6251}.Release|ARM64.ActiveCfg = Release|ARM64
		{E004DD46-3B1B-41E2-A5A1-2A540B7C6251}.Release|ARM64.Build.0 = Release|ARM64
		{E004DD46-3B1B-41E2-A5A1-2A540B7C6251}.Release|ARM64.Deploy.0 = Release|ARM64
		{E004DD46-3B1B-41E2-A5A1-2A540B7C6251}.Release|x64.ActiveCfg = Release|x64
		{E004DD46-3B1B-41E2-A5A1-2A540B7C6251}.Release|x64.Build.0 = Release|x64
		{E004DD46-3B1B-41E2-A5A1-2A540B7C6251}.Release|x64.Deploy.0 = Release|x64
		{E004DD46-3B1B-41E2-A5A1-2A540B7C6251}.Release|x86.ActiveCfg = Release|x86
		{E004DD46-3B1B-41E2-A5A1-2A540B7C6251}.Release|x86.Build.0 = Release|x86
		{E004DD46-3B1B-41E2-A5A1-2A540B7C6251}.Release|x86.Deploy.0 = Release|x86
		{EF5134C9-CF82-44A6-85CA-B1C2030F4296}.Debug|Any CPU.ActiveCfg = Debug|x64
		{EF5134C9-CF82-44A6-85CA-B1C2030F4296}.Debug|Any CPU.Build.0 = Debug|x64
		{EF5134C9-CF82-44A6-85CA-B1C2030F4296}.Debug|Any CPU.Deploy.0 = Debug|x64
		{EF5134C9-CF82-44A6-85CA-B1C2030F4296}.Debug|ARM.ActiveCfg = Debug|ARM
		{EF5134C9-CF82-44A6-85CA-B1C2030F4296}.Debug|ARM.Build.0 = Debug|ARM
		{EF5134C9-CF82-44A6-85CA-B1C2030F4296}.Debug|ARM.Deploy.0 = Debug|ARM
		{EF5134C9-CF82-44A6-85CA-B1C2030F4296}.Debug|ARM64.ActiveCfg = Debug|ARM64
		{EF5134C9-CF82-44A6-85CA-B1C2030F4296}.Debug|ARM64.Build.0 = Debug|ARM64
		{EF5134C9-CF82-44A6-85CA-B1C2030F4296}.Debug|ARM64.Deploy.0 = Debug|ARM64
		{EF5134C9-CF82-44A6-85CA-B1C2030F4296}.Debug|x64.ActiveCfg = Debug|x64
		{EF5134C9-CF82-44A6-85CA-B1C2030F4296}.Debug|x64.Build.0 = Debug|x64
		{EF5134C9-CF82-44A6-85CA-B1C2030F4296}.Debug|x64.Deploy.0 = Debug|x64
		{EF5134C9-CF82-44A6-85CA-B1C2030F4296}.Debug|x86.ActiveCfg = Debug|x86
		{EF5134C9-CF82-44A6-85CA-B1C2030F4296}.Debug|x86.Build.0 = Debug|x86
		{EF5134C9-CF82-44A6-85CA-B1C2030F4296}.Debug|x86.Deploy.0 = Debug|x86
		{EF5134C9-CF82-44A6-85CA-B1C2030F4296}.Release|Any CPU.ActiveCfg = Release|x64
		{EF5134C9-CF82-44A6-85CA-B1C2030F4296}.Release|Any CPU.Build.0 = Release|x64
		{EF5134C9-CF82-44A6-85CA-B1C2030F4296}.Release|Any CPU.Deploy.0 = Release|x64
		{EF5134C9-CF82-44A6-85CA-B1C2030F4296}.Release|ARM.ActiveCfg = Release|ARM
		{EF5134C9-CF82-44A6-85CA-B1C2030F4296}.Release|ARM.Build.0 = Release|ARM
		{EF5134C9-CF82-44A6-85CA-B1C2030F4296}.Release|ARM.Deploy.0 = Release|ARM
		{EF5134C9-CF82-44A6-85CA-B1C2030F4296}.Release|ARM64.ActiveCfg = Release|ARM64
		{EF5134C9-CF82-44A6-85CA-B1C2030F4296}.Release|ARM64.Build.0 = Release|ARM64
		{EF5134C9-CF82-44A6-85CA-B1C2030F4296}.Release|ARM64.Deploy.0 = Release|ARM64
		{EF5134C9-CF82-44A6-85CA-B1C2030F4296}.Release|x64.ActiveCfg = Release|x64
		{EF5134C9-CF82-44A6-85CA-B1C2030F4296}.Release|x64.Build.0 = Release|x64
		{EF5134C9-CF82-44A6-85CA-B1C2030F4296}.Release|x64.Deploy.0 = Release|x64
		{EF5134C9-CF82-44A6-85CA-B1C2030F4296}.Release|x86.ActiveCfg = Release|x86
		{EF5134C9-CF82-44A6-85CA-B1C2030F4296}.Release|x86.Build.0 = Release|x86
		{EF5134C9-CF82-44A6-85CA-B1C2030F4296}.Release|x86.Deploy.0 = Release|x86
		{2CFB9DEB-3000-40A7-9134-55B75934F0A2}.Debug|Any CPU.ActiveCfg = Debug|Any CPU
		{2CFB9DEB-3000-40A7-9134-55B75934F0A2}.Debug|Any CPU.Build.0 = Debug|Any CPU
		{2CFB9DEB-3000-40A7-9134-55B75934F0A2}.Debug|Any CPU.Deploy.0 = Debug|Any CPU
		{2CFB9DEB-3000-40A7-9134-55B75934F0A2}.Debug|ARM.ActiveCfg = Debug|ARM
		{2CFB9DEB-3000-40A7-9134-55B75934F0A2}.Debug|ARM.Build.0 = Debug|ARM
		{2CFB9DEB-3000-40A7-9134-55B75934F0A2}.Debug|ARM.Deploy.0 = Debug|ARM
		{2CFB9DEB-3000-40A7-9134-55B75934F0A2}.Debug|ARM64.ActiveCfg = Debug|ARM64
		{2CFB9DEB-3000-40A7-9134-55B75934F0A2}.Debug|ARM64.Build.0 = Debug|ARM64
		{2CFB9DEB-3000-40A7-9134-55B75934F0A2}.Debug|ARM64.Deploy.0 = Debug|ARM64
		{2CFB9DEB-3000-40A7-9134-55B75934F0A2}.Debug|x64.ActiveCfg = Debug|x64
		{2CFB9DEB-3000-40A7-9134-55B75934F0A2}.Debug|x64.Build.0 = Debug|x64
		{2CFB9DEB-3000-40A7-9134-55B75934F0A2}.Debug|x64.Deploy.0 = Debug|x64
		{2CFB9DEB-3000-40A7-9134-55B75934F0A2}.Debug|x86.ActiveCfg = Debug|x86
		{2CFB9DEB-3000-40A7-9134-55B75934F0A2}.Debug|x86.Build.0 = Debug|x86
		{2CFB9DEB-3000-40A7-9134-55B75934F0A2}.Debug|x86.Deploy.0 = Debug|x86
		{2CFB9DEB-3000-40A7-9134-55B75934F0A2}.Release|Any CPU.ActiveCfg = Release|Any CPU
		{2CFB9DEB-3000-40A7-9134-55B75934F0A2}.Release|Any CPU.Build.0 = Release|Any CPU
		{2CFB9DEB-3000-40A7-9134-55B75934F0A2}.Release|Any CPU.Deploy.0 = Release|Any CPU
		{2CFB9DEB-3000-40A7-9134-55B75934F0A2}.Release|ARM.ActiveCfg = Release|ARM
		{2CFB9DEB-3000-40A7-9134-55B75934F0A2}.Release|ARM.Build.0 = Release|ARM
		{2CFB9DEB-3000-40A7-9134-55B75934F0A2}.Release|ARM.Deploy.0 = Release|ARM
		{2CFB9DEB-3000-40A7-9134-55B75934F0A2}.Release|ARM64.ActiveCfg = Release|ARM64
		{2CFB9DEB-3000-40A7-9134-55B75934F0A2}.Release|ARM64.Build.0 = Release|ARM64
		{2CFB9DEB-3000-40A7-9134-55B75934F0A2}.Release|ARM64.Deploy.0 = Release|ARM64
		{2CFB9DEB-3000-40A7-9134-55B75934F0A2}.Release|x64.ActiveCfg = Release|x64
		{2CFB9DEB-3000-40A7-9134-55B75934F0A2}.Release|x64.Build.0 = Release|x64
		{2CFB9DEB-3000-40A7-9134-55B75934F0A2}.Release|x64.Deploy.0 = Release|x64
		{2CFB9DEB-3000-40A7-9134-55B75934F0A2}.Release|x86.ActiveCfg = Release|x86
		{2CFB9DEB-3000-40A7-9134-55B75934F0A2}.Release|x86.Build.0 = Release|x86
		{2CFB9DEB-3000-40A7-9134-55B75934F0A2}.Release|x86.Deploy.0 = Release|x86
		{B247CF88-BF61-4B3B-BF4A-1D5AB7849DAB}.Debug|Any CPU.ActiveCfg = Debug|Win32
		{B247CF88-BF61-4B3B-BF4A-1D5AB7849DAB}.Debug|ARM.ActiveCfg = Debug|Win32
		{B247CF88-BF61-4B3B-BF4A-1D5AB7849DAB}.Debug|ARM64.ActiveCfg = Debug|Win32
		{B247CF88-BF61-4B3B-BF4A-1D5AB7849DAB}.Debug|x64.ActiveCfg = Debug|x64
		{B247CF88-BF61-4B3B-BF4A-1D5AB7849DAB}.Debug|x64.Build.0 = Debug|x64
		{B247CF88-BF61-4B3B-BF4A-1D5AB7849DAB}.Debug|x86.ActiveCfg = Debug|Win32
		{B247CF88-BF61-4B3B-BF4A-1D5AB7849DAB}.Debug|x86.Build.0 = Debug|Win32
		{B247CF88-BF61-4B3B-BF4A-1D5AB7849DAB}.Release|Any CPU.ActiveCfg = Release|Win32
		{B247CF88-BF61-4B3B-BF4A-1D5AB7849DAB}.Release|ARM.ActiveCfg = Release|Win32
		{B247CF88-BF61-4B3B-BF4A-1D5AB7849DAB}.Release|ARM64.ActiveCfg = Release|Win32
		{B247CF88-BF61-4B3B-BF4A-1D5AB7849DAB}.Release|x64.ActiveCfg = Release|x64
		{B247CF88-BF61-4B3B-BF4A-1D5AB7849DAB}.Release|x64.Build.0 = Release|x64
		{B247CF88-BF61-4B3B-BF4A-1D5AB7849DAB}.Release|x86.ActiveCfg = Release|Win32
		{B247CF88-BF61-4B3B-BF4A-1D5AB7849DAB}.Release|x86.Build.0 = Release|Win32
	EndGlobalSection
	GlobalSection(SolutionProperties) = preSolution
		HideSolutionNode = FALSE
	EndGlobalSection
	GlobalSection(ExtensibilityGlobals) = postSolution
		SolutionGuid = {D0A2577F-0E6B-458D-9C01-ED62EFA1FF08}
	EndGlobalSection
EndGlobal
